# This file is autogenerated, do not edit; changes may be undone by the next 'dep ensure'.


[[projects]]
  branch = "master"
  digest = "1:09b5c2382d4d9738cca278b4ac535d344106175ffbc0a080dc24c11b8f0ccc5f"
  name = "github.com/miguelsandro/curve25519-go"
  packages = ["axlsign"]
  pruneopts = "UT"
  revision = "564b467e915d38407cc4046f82f8b7b3966b56d5"

[[projects]]
  branch = "master"
  digest = "1:caffb9a4f8c756941de4b3eb577abd167e7fd4b570f2078c05ceb8835a1514cb"
  name = "golang.org/x/net"
  packages = [
    "bpf",
    "icmp",
    "internal/iana",
    "internal/socket",
    "ipv4",
    "ipv6",
  ]
  pruneopts = "UT"
  revision = "ba9fcec4b297b415637633c5a6e8fa592e4a16c3"

[[projects]]
  branch = "master"
  digest = "1:c5b5d55096b762e29d0b887ce73932d06ddcf9def4285f1abd09f801176878ec"
  name = "golang.org/x/sys"
  packages = [
    "unix",
    "windows",
  ]
  pruneopts = "UT"
  revision = "c7b8b68b14567162c6602a7c5659ee0f26417c18"

[solve-meta]
  analyzer-name = "dep"
  analyzer-version = 1
  input-imports = [
    "github.com/miguelsandro/curve25519-go/axlsign",
    "golang.org/x/net/icmp",
    "golang.org/x/net/ipv4",
  ]
  solver-name = "gps-cdcl"
  solver-version = 1
